
Microsoft Visual Studio Solution File, Format Version 12.00
# Visual Studio 15
VisualStudioVersion = 15.0.28307.1000
MinimumVisualStudioVersion = 10.0.40219.1
Project("{FAE04EC0-301F-11D3-BF4B-00C04F79EFBC}") = "RestServiceAfl4", "RestServiceAfl4\RestServiceAfl4.csproj", "{EE0EC5C6-83BD-479E-8047-27D140625312}"
EndProject
Global
	GlobalSection(SolutionConfigurationPlatforms) = preSolution
		Debug|Any CPU = Debug|Any CPU
		Release|Any CPU = Release|Any CPU
	EndGlobalSection
	GlobalSection(ProjectConfigurationPlatforms) = postSolution
		{EE0EC5C6-83BD-479E-8047-27D140625312}.Debug|Any CPU.ActiveCfg = Debug|Any CPU
		{EE0EC5C6-83BD-479E-8047-27D140625312}.Debug|Any CPU.Build.0 = Debug|Any CPU
		{EE0EC5C6-83BD-479E-8047-27D140625312}.Release|Any CPU.ActiveCfg = Release|Any CPU
		{EE0EC5C6-83BD-479E-8047-27D140625312}.Release|Any CPU.Build.0 = Release|Any CPU
	EndGlobalSection
	GlobalSection(SolutionProperties) = preSolution
		HideSolutionNode = FALSE
	EndGlobalSection
	GlobalSection(ExtensibilityGlobals) = postSolution
		SolutionGuid = {59EFB477-D185-4FD7-9075-D1FF5D195746}
	EndGlobalSection
EndGlobal
